
Microsoft Visual Studio Solution File, Format Version 12.00
# Visual Studio Version 17
VisualStudioVersion = 17.9.34728.123
MinimumVisualStudioVersion = 10.0.40219.1
Project("{FAE04EC0-301F-11D3-BF4B-00C04F79EFBC}") = "Robo", "Robo.csproj", "{9E317D84-A02C-4D68-9D89-70E59D14ECCE}"
EndProject
Global
	GlobalSection(SolutionConfigurationPlatforms) = preSolution
		Debug|Any CPU = Debug|Any CPU
		Release|Any CPU = Release|Any CPU
	EndGlobalSection
	GlobalSection(ProjectConfigurationPlatforms) = postSolution
		{9E317D84-A02C-4D68-9D89-70E59D14ECCE}.Debug|Any CPU.ActiveCfg = Debug|Any CPU
		{9E317D84-A02C-4D68-9D89-70E59D14ECCE}.Debug|Any CPU.Build.0 = Debug|Any CPU
		{9E317D84-A02C-4D68-9D89-70E59D14ECCE}.Release|Any CPU.ActiveCfg = Release|Any CPU
		{9E317D84-A02C-4D68-9D89-70E59D14ECCE}.Release|Any CPU.Build.0 = Release|Any CPU
	EndGlobalSection
	GlobalSection(SolutionProperties) = preSolution
		HideSolutionNode = FALSE
	EndGlobalSection
	GlobalSection(ExtensibilityGlobals) = postSolution
		SolutionGuid = {725DCBD4-B764-4784-B726-8784D699F342}
	EndGlobalSection
EndGlobal
